
Microsoft Visual Studio Solution File, Format Version 12.00
# Visual Studio Version 17
VisualStudioVersion = 17.0.31903.59
MinimumVisualStudioVersion = 10.0.40219.1
Project("{2150E333-8FDC-42A3-9474-1A3956D46DE8}") = "src", "src", "{827E0CD3-B72D-47B6-A68D-7590B98EB39B}"
EndProject
Project("{FAE04EC0-301F-11D3-BF4B-00C04F79EFBC}") = "ECommerce.Core", "src\ECommerce.Core\ECommerce.Core.csproj", "{4B09B99B-2E2F-48B6-A22D-9676770B8742}"
EndProject
Project("{FAE04EC0-301F-11D3-BF4B-00C04F79EFBC}") = "ECommerce.Application", "src\ECommerce.Application\ECommerce.Application.csproj", "{625D6417-42EB-47FE-ADD1-C063168C98D8}"
EndProject
Project("{FAE04EC0-301F-11D3-BF4B-00C04F79EFBC}") = "ECommerce.Infrastructure", "src\ECommerce.Infrastructure\ECommerce.Infrastructure.csproj", "{50C61592-6B97-4C27-96AA-3F2AA7BB1C11}"
EndProject
Project("{FAE04EC0-301F-11D3-BF4B-00C04F79EFBC}") = "ECommerce.Shared", "src\ECommerce.Shared\ECommerce.Shared.csproj", "{E03872F1-7942-406D-BFD1-88A94A2CF0AF}"
EndProject
Project("{FAE04EC0-301F-11D3-BF4B-00C04F79EFBC}") = "ECommerce.API", "src\ECommerce.API\ECommerce.API.csproj", "{FADFFDF1-0789-403C-9150-FA29952C57E1}"
EndProject
Project("{FAE04EC0-301F-11D3-BF4B-00C04F79EFBC}") = "ECommerce.Worker", "src\ECommerce.Worker\ECommerce.Worker.csproj", "{AEB2F3C1-FA06-455D-AE24-49ADAC6A0B22}"
EndProject
Project("{2150E333-8FDC-42A3-9474-1A3956D46DE8}") = "tests", "tests", "{0AB3BF05-4346-4AA6-1389-037BE0695223}"
EndProject
Project("{FAE04EC0-301F-11D3-BF4B-00C04F79EFBC}") = "ECommerce.API.Tests", "tests\ECommerce.API.Tests\ECommerce.API.Tests.csproj", "{BFF65175-5BA0-424D-A29E-83BC3B7BEEFE}"
EndProject
Project("{FAE04EC0-301F-11D3-BF4B-00C04F79EFBC}") = "ECommerce.Application.Tests", "tests\ECommerce.Application.Tests\ECommerce.Application.Tests.csproj", "{BD11CC94-FC2D-4771-94C9-010A5A35C1E6}"
EndProject
Global
	GlobalSection(SolutionConfigurationPlatforms) = preSolution
		Debug|Any CPU = Debug|Any CPU
		Debug|x64 = Debug|x64
		Debug|x86 = Debug|x86
		Release|Any CPU = Release|Any CPU
		Release|x64 = Release|x64
		Release|x86 = Release|x86
	EndGlobalSection
	GlobalSection(ProjectConfigurationPlatforms) = postSolution
		{4B09B99B-2E2F-48B6-A22D-9676770B8742}.Debug|Any CPU.ActiveCfg = Debug|Any CPU
		{4B09B99B-2E2F-48B6-A22D-9676770B8742}.Debug|Any CPU.Build.0 = Debug|Any CPU
		{4B09B99B-2E2F-48B6-A22D-9676770B8742}.Debug|x64.ActiveCfg = Debug|Any CPU
		{4B09B99B-2E2F-48B6-A22D-9676770B8742}.Debug|x64.Build.0 = Debug|Any CPU
		{4B09B99B-2E2F-48B6-A22D-9676770B8742}.Debug|x86.ActiveCfg = Debug|Any CPU
		{4B09B99B-2E2F-48B6-A22D-9676770B8742}.Debug|x86.Build.0 = Debug|Any CPU
		{4B09B99B-2E2F-48B6-A22D-9676770B8742}.Release|Any CPU.ActiveCfg = Release|Any CPU
		{4B09B99B-2E2F-48B6-A22D-9676770B8742}.Release|Any CPU.Build.0 = Release|Any CPU
		{4B09B99B-2E2F-48B6-A22D-9676770B8742}.Release|x64.ActiveCfg = Release|Any CPU
		{4B09B99B-2E2F-48B6-A22D-9676770B8742}.Release|x64.Build.0 = Release|Any CPU
		{4B09B99B-2E2F-48B6-A22D-9676770B8742}.Release|x86.ActiveCfg = Release|Any CPU
		{4B09B99B-2E2F-48B6-A22D-9676770B8742}.Release|x86.Build.0 = Release|Any CPU
		{625D6417-42EB-47FE-ADD1-C063168C98D8}.Debug|Any CPU.ActiveCfg = Debug|Any CPU
		{625D6417-42EB-47FE-ADD1-C063168C98D8}.Debug|Any CPU.Build.0 = Debug|Any CPU
		{625D6417-42EB-47FE-ADD1-C063168C98D8}.Debug|x64.ActiveCfg = Debug|Any CPU
		{625D6417-42EB-47FE-ADD1-C063168C98D8}.Debug|x64.Build.0 = Debug|Any CPU
		{625D6417-42EB-47FE-ADD1-C063168C98D8}.Debug|x86.ActiveCfg = Debug|Any CPU
		{625D6417-42EB-47FE-ADD1-C063168C98D8}.Debug|x86.Build.0 = Debug|Any CPU
		{625D6417-42EB-47FE-ADD1-C063168C98D8}.Release|Any CPU.ActiveCfg = Release|Any CPU
		{625D6417-42EB-47FE-ADD1-C063168C98D8}.Release|Any CPU.Build.0 = Release|Any CPU
		{625D6417-42EB-47FE-ADD1-C063168C98D8}.Release|x64.ActiveCfg = Release|Any CPU
		{625D6417-42EB-47FE-ADD1-C063168C98D8}.Release|x64.Build.0 = Release|Any CPU
		{625D6417-42EB-47FE-ADD1-C063168C98D8}.Release|x86.ActiveCfg = Release|Any CPU
		{625D6417-42EB-47FE-ADD1-C063168C98D8}.Release|x86.Build.0 = Release|Any CPU
		{50C61592-6B97-4C27-96AA-3F2AA7BB1C11}.Debug|Any CPU.ActiveCfg = Debug|Any CPU
		{50C61592-6B97-4C27-96AA-3F2AA7BB1C11}.Debug|Any CPU.Build.0 = Debug|Any CPU
		{50C61592-6B97-4C27-96AA-3F2AA7BB1C11}.Debug|x64.ActiveCfg = Debug|Any CPU
		{50C61592-6B97-4C27-96AA-3F2AA7BB1C11}.Debug|x64.Build.0 = Debug|Any CPU
		{50C61592-6B97-4C27-96AA-3F2AA7BB1C11}.Debug|x86.ActiveCfg = Debug|Any CPU
		{50C61592-6B97-4C27-96AA-3F2AA7BB1C11}.Debug|x86.Build.0 = Debug|Any CPU
		{50C61592-6B97-4C27-96AA-3F2AA7BB1C11}.Release|Any CPU.ActiveCfg = Release|Any CPU
		{50C61592-6B97-4C27-96AA-3F2AA7BB1C11}.Release|Any CPU.Build.0 = Release|Any CPU
		{50C61592-6B97-4C27-96AA-3F2AA7BB1C11}.Release|x64.ActiveCfg = Release|Any CPU
		{50C61592-6B97-4C27-96AA-3F2AA7BB1C11}.Release|x64.Build.0 = Release|Any CPU
		{50C61592-6B97-4C27-96AA-3F2AA7BB1C11}.Release|x86.ActiveCfg = Release|Any CPU
		{50C61592-6B97-4C27-96AA-3F2AA7BB1C11}.Release|x86.Build.0 = Release|Any CPU
		{E03872F1-7942-406D-BFD1-88A94A2CF0AF}.Debug|Any CPU.ActiveCfg = Debug|Any CPU
		{E03872F1-7942-406D-BFD1-88A94A2CF0AF}.Debug|Any CPU.Build.0 = Debug|Any CPU
		{E03872F1-7942-406D-BFD1-88A94A2CF0AF}.Debug|x64.ActiveCfg = Debug|Any CPU
		{E03872F1-7942-406D-BFD1-88A94A2CF0AF}.Debug|x64.Build.0 = Debug|Any CPU
		{E03872F1-7942-406D-BFD1-88A94A2CF0AF}.Debug|x86.ActiveCfg = Debug|Any CPU
		{E03872F1-7942-406D-BFD1-88A94A2CF0AF}.Debug|x86.Build.0 = Debug|Any CPU
		{E03872F1-7942-406D-BFD1-88A94A2CF0AF}.Release|Any CPU.ActiveCfg = Release|Any CPU
		{E03872F1-7942-406D-BFD1-88A94A2CF0AF}.Release|Any CPU.Build.0 = Release|Any CPU
		{E03872F1-7942-406D-BFD1-88A94A2CF0AF}.Release|x64.ActiveCfg = Release|Any CPU
		{E03872F1-7942-406D-BFD1-88A94A2CF0AF}.Release|x64.Build.0 = Release|Any CPU
		{E03872F1-7942-406D-BFD1-88A94A2CF0AF}.Release|x86.ActiveCfg = Release|Any CPU
		{E03872F1-7942-406D-BFD1-88A94A2CF0AF}.Release|x86.Build.0 = Release|Any CPU
		{FADFFDF1-0789-403C-9150-FA29952C57E1}.Debug|Any CPU.ActiveCfg = Debug|Any CPU
		{FADFFDF1-0789-403C-9150-FA29952C57E1}.Debug|Any CPU.Build.0 = Debug|Any CPU
		{FADFFDF1-0789-403C-9150-FA29952C57E1}.Debug|x64.ActiveCfg = Debug|Any CPU
		{FADFFDF1-0789-403C-9150-FA29952C57E1}.Debug|x64.Build.0 = Debug|Any CPU
		{FADFFDF1-0789-403C-9150-FA29952C57E1}.Debug|x86.ActiveCfg = Debug|Any CPU
		{FADFFDF1-0789-403C-9150-FA29952C57E1}.Debug|x86.Build.0 = Debug|Any CPU
		{FADFFDF1-0789-403C-9150-FA29952C57E1}.Release|Any CPU.ActiveCfg = Release|Any CPU
		{FADFFDF1-0789-403C-9150-FA29952C57E1}.Release|Any CPU.Build.0 = Release|Any CPU
		{FADFFDF1-0789-403C-9150-FA29952C57E1}.Release|x64.ActiveCfg = Release|Any CPU
		{FADFFDF1-0789-403C-9150-FA29952C57E1}.Release|x64.Build.0 = Release|Any CPU
		{FADFFDF1-0789-403C-9150-FA29952C57E1}.Release|x86.ActiveCfg = Release|Any CPU
		{FADFFDF1-0789-403C-9150-FA29952C57E1}.Release|x86.Build.0 = Release|Any CPU
		{AEB2F3C1-FA06-455D-AE24-49ADAC6A0B22}.Debug|Any CPU.ActiveCfg = Debug|Any CPU
		{AEB2F3C1-FA06-455D-AE24-49ADAC6A0B22}.Debug|Any CPU.Build.0 = Debug|Any CPU
		{AEB2F3C1-FA06-455D-AE24-49ADAC6A0B22}.Debug|x64.ActiveCfg = Debug|Any CPU
		{AEB2F3C1-FA06-455D-AE24-49ADAC6A0B22}.Debug|x64.Build.0 = Debug|Any CPU
		{AEB2F3C1-FA06-455D-AE24-49ADAC6A0B22}.Debug|x86.ActiveCfg = Debug|Any CPU
		{AEB2F3C1-FA06-455D-AE24-49ADAC6A0B22}.Debug|x86.Build.0 = Debug|Any CPU
		{AEB2F3C1-FA06-455D-AE24-49ADAC6A0B22}.Release|Any CPU.ActiveCfg = Release|Any CPU
		{AEB2F3C1-FA06-455D-AE24-49ADAC6A0B22}.Release|Any CPU.Build.0 = Release|Any CPU
		{AEB2F3C1-FA06-455D-AE24-49ADAC6A0B22}.Release|x64.ActiveCfg = Release|Any CPU
		{AEB2F3C1-FA06-455D-AE24-49ADAC6A0B22}.Release|x64.Build.0 = Release|Any CPU
		{AEB2F3C1-FA06-455D-AE24-49ADAC6A0B22}.Release|x86.ActiveCfg = Release|Any CPU
		{AEB2F3C1-FA06-455D-AE24-49ADAC6A0B22}.Release|x86.Build.0 = Release|Any CPU
		{BFF65175-5BA0-424D-A29E-83BC3B7BEEFE}.Debug|Any CPU.ActiveCfg = Debug|Any CPU
		{BFF65175-5BA0-424D-A29E-83BC3B7BEEFE}.Debug|Any CPU.Build.0 = Debug|Any CPU
		{BFF65175-5BA0-424D-A29E-83BC3B7BEEFE}.Debug|x64.ActiveCfg = Debug|Any CPU
		{BFF65175-5BA0-424D-A29E-83BC3B7BEEFE}.Debug|x64.Build.0 = Debug|Any CPU
		{BFF65175-5BA0-424D-A29E-83BC3B7BEEFE}.Debug|x86.ActiveCfg = Debug|Any CPU
		{BFF65175-5BA0-424D-A29E-83BC3B7BEEFE}.Debug|x86.Build.0 = Debug|Any CPU
		{BFF65175-5BA0-424D-A29E-83BC3B7BEEFE}.Release|Any CPU.ActiveCfg = Release|Any CPU
		{BFF65175-5BA0-424D-A29E-83BC3B7BEEFE}.Release|Any CPU.Build.0 = Release|Any CPU
		{BFF65175-5BA0-424D-A29E-83BC3B7BEEFE}.Release|x64.ActiveCfg = Release|Any CPU
		{BFF65175-5BA0-424D-A29E-83BC3B7BEEFE}.Release|x64.Build.0 = Release|Any CPU
		{BFF65175-5BA0-424D-A29E-83BC3B7BEEFE}.Release|x86.ActiveCfg = Release|Any CPU
		{BFF65175-5BA0-424D-A29E-83BC3B7BEEFE}.Release|x86.Build.0 = Release|Any CPU
		{BD11CC94-FC2D-4771-94C9-010A5A35C1E6}.Debug|Any CPU.ActiveCfg = Debug|Any CPU
		{BD11CC94-FC2D-4771-94C9-010A5A35C1E6}.Debug|Any CPU.Build.0 = Debug|Any CPU
		{BD11CC94-FC2D-4771-94C9-010A5A35C1E6}.Debug|x64.ActiveCfg = Debug|Any CPU
		{BD11CC94-FC2D-4771-94C9-010A5A35C1E6}.Debug|x64.Build.0 = Debug|Any CPU
		{BD11CC94-FC2D-4771-94C9-010A5A35C1E6}.Debug|x86.ActiveCfg = Debug|Any CPU
		{BD11CC94-FC2D-4771-94C9-010A5A35C1E6}.Debug|x86.Build.0 = Debug|Any CPU
		{BD11CC94-FC2D-4771-94C9-010A5A35C1E6}.Release|Any CPU.ActiveCfg = Release|Any CPU
		{BD11CC94-FC2D-4771-94C9-010A5A35C1E6}.Release|Any CPU.Build.0 = Release|Any CPU
		{BD11CC94-FC2D-4771-94C9-010A5A35C1E6}.Release|x64.ActiveCfg = Release|Any CPU
		{BD11CC94-FC2D-4771-94C9-010A5A35C1E6}.Release|x64.Build.0 = Release|Any CPU
		{BD11CC94-FC2D-4771-94C9-010A5A35C1E6}.Release|x86.ActiveCfg = Release|Any CPU
		{BD11CC94-FC2D-4771-94C9-010A5A35C1E6}.Release|x86.Build.0 = Release|Any CPU
	EndGlobalSection
	GlobalSection(SolutionProperties) = preSolution
		HideSolutionNode = FALSE
	EndGlobalSection
	GlobalSection(NestedProjects) = preSolution
		{4B09B99B-2E2F-48B6-A22D-9676770B8742} = {827E0CD3-B72D-47B6-A68D-7590B98EB39B}
		{625D6417-42EB-47FE-ADD1-C063168C98D8} = {827E0CD3-B72D-47B6-A68D-7590B98EB39B}
		{50C61592-6B97-4C27-96AA-3F2AA7BB1C11} = {827E0CD3-B72D-47B6-A68D-7590B98EB39B}
		{E03872F1-7942-406D-BFD1-88A94A2CF0AF} = {827E0CD3-B72D-47B6-A68D-7590B98EB39B}
		{FADFFDF1-0789-403C-9150-FA29952C57E1} = {827E0CD3-B72D-47B6-A68D-7590B98EB39B}
		{AEB2F3C1-FA06-455D-AE24-49ADAC6A0B22} = {827E0CD3-B72D-47B6-A68D-7590B98EB39B}
		{BFF65175-5BA0-424D-A29E-83BC3B7BEEFE} = {0AB3BF05-4346-4AA6-1389-037BE0695223}
		{BD11CC94-FC2D-4771-94C9-010A5A35C1E6} = {0AB3BF05-4346-4AA6-1389-037BE0695223}
	EndGlobalSection
EndGlobal
